
Microsoft Visual Studio Solution File, Format Version 12.00
# Visual Studio Version 16
VisualStudioVersion = 16.0.29503.13
MinimumVisualStudioVersion = 10.0.40219.1
Project("{FAE04EC0-301F-11D3-BF4B-00C04F79EFBC}") = "MVCApp", "MVCApp\MVCApp.csproj", "{D5094895-EB6C-4E8B-BBFB-B0D437EC8159}"
EndProject
Project("{FAE04EC0-301F-11D3-BF4B-00C04F79EFBC}") = "MVCApp.Tests", "MVCApp.Tests\MVCApp.Tests.csproj", "{12056E9C-CD93-48C5-B556-9FABF625F36F}"
EndProject
Global
	GlobalSection(SolutionConfigurationPlatforms) = preSolution
		Debug|Any CPU = Debug|Any CPU
		Release|Any CPU = Release|Any CPU
	EndGlobalSection
	GlobalSection(ProjectConfigurationPlatforms) = postSolution
		{D5094895-EB6C-4E8B-BBFB-B0D437EC8159}.Debug|Any CPU.ActiveCfg = Debug|Any CPU
		{D5094895-EB6C-4E8B-BBFB-B0D437EC8159}.Debug|Any CPU.Build.0 = Debug|Any CPU
		{D5094895-EB6C-4E8B-BBFB-B0D437EC8159}.Release|Any CPU.ActiveCfg = Release|Any CPU
		{D5094895-EB6C-4E8B-BBFB-B0D437EC8159}.Release|Any CPU.Build.0 = Release|Any CPU
		{12056E9C-CD93-48C5-B556-9FABF625F36F}.Debug|Any CPU.ActiveCfg = Debug|Any CPU
		{12056E9C-CD93-48C5-B556-9FABF625F36F}.Debug|Any CPU.Build.0 = Debug|Any CPU
		{12056E9C-CD93-48C5-B556-9FABF625F36F}.Release|Any CPU.ActiveCfg = Release|Any CPU
		{12056E9C-CD93-48C5-B556-9FABF625F36F}.Release|Any CPU.Build.0 = Release|Any CPU
	EndGlobalSection
	GlobalSection(SolutionProperties) = preSolution
		HideSolutionNode = FALSE
	EndGlobalSection
	GlobalSection(ExtensibilityGlobals) = postSolution
		SolutionGuid = {F614485E-A99C-4CDC-BE12-4872F86605D9}
	EndGlobalSection
EndGlobal
